{
  "name": "React-project",
  "lockfileVersion": 3,
  "requires": true,
  "packages": {
    "": {
      "dependencies": {
        "jotai": "^2.20.2"
      }
    },
    "node_modules/jotai": {
      "version": "2.20.2",
      "resolved": "https://registry.npmjs.org/jotai/-/jotai-2.20.2.tgz",
      "integrity": "sha512-aHB4CNb9qRcyf0mwSB6EO5bCGAjx8cTwFgOFCE2leOnTzqACbnSWG8XoWB3LxCT1Qoj03I1OWAHszDmN4uHb/w==",
      "license": "MIT",
      "engines": {
        "node": ">=12.20.0"
      },
      "peerDependencies": {
        "@babel/core": ">=7.0.0",
        "@babel/template": ">=7.0.0",
        "@types/react": ">=17.0.0",
        "react": ">=17.0.0"
      },
      "peerDependenciesMeta": {
        "@babel/core": {
          "optional": true
        },
        "@babel/template": {
          "optional": true
        },
        "@types/react": {
          "optional": true
        },
        "react": {
          "optional": true
        }
      }
    }
  }
}
